// !$*UTF8*$!
{
	archiveVersion = 1;
	classes = {
	};
	objectVersion = 46;
	objects = {

/* Begin PBXFileReference section */
		C5E288CB1D6358A300B9D091 /* main.s */ = {isa = PBXFileReference; lastKnownFileType = sourcecode.asm; path = main.s; sourceTree = "<group>"; };
/* End PBXFileReference section */

/* Begin PBXGroup section */
		C5E288C41D63586E00B9D091 = {
			isa = PBXGroup;
			children = (
				C5E288CB1D6358A300B9D091 /* main.s */,
			);
			sourceTree = "<group>";
		};
/* End PBXGroup section */

/* Begin PBXProject section */
		C5E288C51D63586E00B9D091 /* Project object */ = {
			isa = PBXProject;
			attributes = {
				LastUpgradeCheck = 0730;
			};
			buildConfigurationList = C5E288C81D63586E00B9D091 /* Build configuration list for PBXProject "AC Project 1" */;
			compatibilityVersion = "Xcode 3.2";
			developmentRegion = English;
			hasScannedForEncodings = 0;
			knownRegions = (
				en,
			);
			mainGroup = C5E288C41D63586E00B9D091;
			projectDirPath = "";
			projectRoot = "";
			targets = (
			);
		};
/* End PBXProject section */

/* Begin XCBuildConfiguration section */
		C5E288C91D63586E00B9D091 /* Debug */ = {
			isa = XCBuildConfiguration;
			buildSettings = {
			};
			name = Debug;
		};
		C5E288CA1D63586E00B9D091 /* Release */ = {
			isa = XCBuildConfiguration;
			buildSettings = {
			};
			name = Release;
		};
/* End XCBuildConfiguration section */

/* Begin XCConfigurationList section */
		C5E288C81D63586E00B9D091 /* Build configuration list for PBXProject "AC Project 1" */ = {
			isa = XCConfigurationList;
			buildConfigurations = (
				C5E288C91D63586E00B9D091 /* Debug */,
				C5E288CA1D63586E00B9D091 /* Release */,
			);
			defaultConfigurationIsVisible = 0;
			defaultConfigurationName = Release;
		};
/* End XCConfigurationList section */
	};
	rootObject = C5E288C51D63586E00B9D091 /* Project object */;
}
